
Microsoft Visual Studio Solution File, Format Version 12.00
# Visual Studio Version 17
VisualStudioVersion = 17.6.33723.286
MinimumVisualStudioVersion = 10.0.40219.1
Project("{9A19103F-16F7-4668-BE54-9A1E7A4F7556}") = "BikeStoresApi", "BikeStoresApi\BikeStoresApi.csproj", "{CE5A0DB3-3A87-4F19-AA8F-56481F74B206}"
EndProject
Global
	GlobalSection(SolutionConfigurationPlatforms) = preSolution
		Debug|Any CPU = Debug|Any CPU
		Release|Any CPU = Release|Any CPU
	EndGlobalSection
	GlobalSection(ProjectConfigurationPlatforms) = postSolution
		{CE5A0DB3-3A87-4F19-AA8F-56481F74B206}.Debug|Any CPU.ActiveCfg = Debug|Any CPU
		{CE5A0DB3-3A87-4F19-AA8F-56481F74B206}.Debug|Any CPU.Build.0 = Debug|Any CPU
		{CE5A0DB3-3A87-4F19-AA8F-56481F74B206}.Release|Any CPU.ActiveCfg = Release|Any CPU
		{CE5A0DB3-3A87-4F19-AA8F-56481F74B206}.Release|Any CPU.Build.0 = Release|Any CPU
	EndGlobalSection
	GlobalSection(SolutionProperties) = preSolution
		HideSolutionNode = FALSE
	EndGlobalSection
	GlobalSection(ExtensibilityGlobals) = postSolution
		SolutionGuid = {2CE96384-D0FD-4901-A99A-A9292AEE6CD0}
	EndGlobalSection
EndGlobal
